
Microsoft Visual Studio Solution File, Format Version 12.00
# Visual Studio Version 17
VisualStudioVersion = 17.3.32929.385
MinimumVisualStudioVersion = 10.0.40219.1
Project("{9A19103F-16F7-4668-BE54-9A1E7A4F7556}") = "1_UI", "Project\1_UI.csproj", "{8E394376-4117-4CB7-BB3B-DAECC9BD2CD9}"
EndProject
Project("{9A19103F-16F7-4668-BE54-9A1E7A4F7556}") = "Repositories", "Repository\Repositories.csproj", "{B639FE45-C97A-418B-B8A5-19BE097A3B60}"
EndProject
Project("{9A19103F-16F7-4668-BE54-9A1E7A4F7556}") = "Services", "Services\Services.csproj", "{1BF36E88-D8F7-4F3B-A6C7-4282E09717BD}"
EndProject
Project("{9A19103F-16F7-4668-BE54-9A1E7A4F7556}") = "Comoon", "Comoon\Comoon.csproj", "{C39969A3-CB80-4649-94AD-22564E8C9784}"
EndProject
Project("{9A19103F-16F7-4668-BE54-9A1E7A4F7556}") = "Context", "Context\Context.csproj", "{C21C89E4-FAC4-4865-B709-441CC175E221}"
EndProject
Global
	GlobalSection(SolutionConfigurationPlatforms) = preSolution
		Debug|Any CPU = Debug|Any CPU
		Release|Any CPU = Release|Any CPU
	EndGlobalSection
	GlobalSection(ProjectConfigurationPlatforms) = postSolution
		{8E394376-4117-4CB7-BB3B-DAECC9BD2CD9}.Debug|Any CPU.ActiveCfg = Debug|Any CPU
		{8E394376-4117-4CB7-BB3B-DAECC9BD2CD9}.Debug|Any CPU.Build.0 = Debug|Any CPU
		{8E394376-4117-4CB7-BB3B-DAECC9BD2CD9}.Release|Any CPU.ActiveCfg = Release|Any CPU
		{8E394376-4117-4CB7-BB3B-DAECC9BD2CD9}.Release|Any CPU.Build.0 = Release|Any CPU
		{B639FE45-C97A-418B-B8A5-19BE097A3B60}.Debug|Any CPU.ActiveCfg = Debug|Any CPU
		{B639FE45-C97A-418B-B8A5-19BE097A3B60}.Debug|Any CPU.Build.0 = Debug|Any CPU
		{B639FE45-C97A-418B-B8A5-19BE097A3B60}.Release|Any CPU.ActiveCfg = Release|Any CPU
		{B639FE45-C97A-418B-B8A5-19BE097A3B60}.Release|Any CPU.Build.0 = Release|Any CPU
		{1BF36E88-D8F7-4F3B-A6C7-4282E09717BD}.Debug|Any CPU.ActiveCfg = Debug|Any CPU
		{1BF36E88-D8F7-4F3B-A6C7-4282E09717BD}.Debug|Any CPU.Build.0 = Debug|Any CPU
		{1BF36E88-D8F7-4F3B-A6C7-4282E09717BD}.Release|Any CPU.ActiveCfg = Release|Any CPU
		{1BF36E88-D8F7-4F3B-A6C7-4282E09717BD}.Release|Any CPU.Build.0 = Release|Any CPU
		{C39969A3-CB80-4649-94AD-22564E8C9784}.Debug|Any CPU.ActiveCfg = Debug|Any CPU
		{C39969A3-CB80-4649-94AD-22564E8C9784}.Debug|Any CPU.Build.0 = Debug|Any CPU
		{C39969A3-CB80-4649-94AD-22564E8C9784}.Release|Any CPU.ActiveCfg = Release|Any CPU
		{C39969A3-CB80-4649-94AD-22564E8C9784}.Release|Any CPU.Build.0 = Release|Any CPU
		{C21C89E4-FAC4-4865-B709-441CC175E221}.Debug|Any CPU.ActiveCfg = Debug|Any CPU
		{C21C89E4-FAC4-4865-B709-441CC175E221}.Debug|Any CPU.Build.0 = Debug|Any CPU
		{C21C89E4-FAC4-4865-B709-441CC175E221}.Release|Any CPU.ActiveCfg = Release|Any CPU
		{C21C89E4-FAC4-4865-B709-441CC175E221}.Release|Any CPU.Build.0 = Release|Any CPU
	EndGlobalSection
	GlobalSection(SolutionProperties) = preSolution
		HideSolutionNode = FALSE
	EndGlobalSection
	GlobalSection(ExtensibilityGlobals) = postSolution
		SolutionGuid = {29AE2095-555A-4750-9263-AB4E1480A58B}
	EndGlobalSection
EndGlobal
